# THIS IS AN AUTOGENERATED FILE. DO NOT EDIT THIS FILE DIRECTLY.
# yarn lockfile v1


api-doc@^4.0.3:
  version "4.0.3"
  resolved "https://registry.yarnpkg.com/api-doc/-/api-doc-4.0.3.tgz#0d47c16de51281baf41d4e867b53c2e462ea7348"
  integrity sha512-3NCHH72PO/JliqiVol8caH7Qc8cLxgS6HPbywNs/1+QCwb3Eem8poZcZI7eEqH3rQof3hkIa15QCbRE2pvhjag==
  dependencies:
    schemagic "6.1.9"
    xtend "4.0.1"

apidoc-markdown@^0.2.1:
  version "0.2.1"
  resolved "https://registry.yarnpkg.com/apidoc-markdown/-/apidoc-markdown-0.2.1.tgz#e1bd3d62dc6868536f5f84b487aa81c23715e3fc"
  integrity sha512-lqoxL884iTnEpd9JkDayr36PlekWPIAPGtJ1Q68mhmqnRFDcXt+wGPqYlkAORrdlRCaWWUyplqLLAk0Y0djZfQ==
  dependencies:
    ejs "~0.8.5"
    optimist "~0.6.0"
    underscore "~1.5.2"

async@^2.0.1:
  version "2.6.3"
  resolved "https://registry.yarnpkg.com/async/-/async-2.6.3.tgz#d72625e2344a3656e3a3ad4fa749fa83299d82ff"
  integrity sha512-zflvls11DCy+dQWzTW2dzuilv8Z5X/pjfmZOWba6TNIVDm+2UDaJmXSOXlasHKfNBs8oo3M0aT50fDEWfKZjXg==
  dependencies:
    lodash "^4.17.14"

clone@^1.0.2:
  version "1.0.4"
  resolved "https://registry.yarnpkg.com/clone/-/clone-1.0.4.tgz#da309cc263df15994c688ca902179ca3c7cd7c7e"
  integrity sha1-2jCcwmPfFZlMaIypAheco8fNfH4=

deep-equal@^1.0.1:
  version "1.0.1"
  resolved "https://registry.yarnpkg.com/deep-equal/-/deep-equal-1.0.1.tgz#f5d260292b660e084eff4cdbc9f08ad3247448b5"
  integrity sha1-9dJgKStmDghO/0zbyfCK0yR0SLU=

ejs@~0.8.5:
  version "0.8.8"
  resolved "https://registry.yarnpkg.com/ejs/-/ejs-0.8.8.tgz#ffdc56dcc35d02926dd50ad13439bbc54061d598"
  integrity sha1-/9xW3MNdApJt1QrRNDm7xUBh1Zg=

generate-function@^2.0.0:
  version "2.3.1"
  resolved "https://registry.yarnpkg.com/generate-function/-/generate-function-2.3.1.tgz#f069617690c10c868e73b8465746764f97c3479f"
  integrity sha512-eeB5GfMNeevm/GRYq20ShmsaGcmI81kIX2K9XQx5miC8KdHaC6Jm0qQ8ZNeGOi7wYB8OsdxKs+Y2oVuTFuVwKQ==
  dependencies:
    is-property "^1.0.2"

generate-object-property@^1.1.0:
  version "1.2.0"
  resolved "https://registry.yarnpkg.com/generate-object-property/-/generate-object-property-1.2.0.tgz#9c0e1c40308ce804f4783618b937fa88f99d50d0"
  integrity sha1-nA4cQDCM6AT0eDYYuTf6iPmdUNA=
  dependencies:
    is-property "^1.0.0"

is-my-ip-valid@^1.0.0:
  version "1.0.0"
  resolved "https://registry.yarnpkg.com/is-my-ip-valid/-/is-my-ip-valid-1.0.0.tgz#7b351b8e8edd4d3995d4d066680e664d94696824"
  integrity sha512-gmh/eWXROncUzRnIa1Ubrt5b8ep/MGSnfAUI3aRp+sqTCs1tv1Isl8d8F6JmkN3dXKc3ehZMrtiPN9eL03NuaQ==

is-my-json-valid@2.17.2:
  version "2.17.2"
  resolved "https://registry.yarnpkg.com/is-my-json-valid/-/is-my-json-valid-2.17.2.tgz#6b2103a288e94ef3de5cf15d29dd85fc4b78d65c"
  integrity sha512-IBhBslgngMQN8DDSppmgDv7RNrlFotuuDsKcrCP3+HbFaVivIBU7u9oiiErw8sH4ynx3+gOGQ3q2otkgiSi6kg==
  dependencies:
    generate-function "^2.0.0"
    generate-object-property "^1.1.0"
    is-my-ip-valid "^1.0.0"
    jsonpointer "^4.0.0"
    xtend "^4.0.0"

is-property@^1.0.0, is-property@^1.0.2:
  version "1.0.2"
  resolved "https://registry.yarnpkg.com/is-property/-/is-property-1.0.2.tgz#57fe1c4e48474edd65b09911f26b1cd4095dda84"
  integrity sha1-V/4cTkhHTt1lsJkR8msc1Ald2oQ=

jsonpointer@^4.0.0:
  version "4.0.1"
  resolved "https://registry.yarnpkg.com/jsonpointer/-/jsonpointer-4.0.1.tgz#4fd92cb34e0e9db3c89c8622ecf51f9b978c6cb9"
  integrity sha1-T9kss04OnbPInIYi7PUfm5eMbLk=

lodash@^4.17.14:
  version "4.17.21"
  resolved "https://registry.yarnpkg.com/lodash/-/lodash-4.17.21.tgz#679591c564c3bffaae8454cf0b3df370c3d6911c"
  integrity sha512-v2kDEe57lecTulaDIuNTPy3Ry4gLGJ6Z1O3vE1krgXZNrsQ+LFTGHVxVjcXPs17LhbZVGedAJv8XZ1tvj5FvSg==

minimist@~0.0.1:
  version "0.0.10"
  resolved "https://registry.yarnpkg.com/minimist/-/minimist-0.0.10.tgz#de3f98543dbf96082be48ad1a0c7cda836301dcf"
  integrity sha1-3j+YVD2/lggr5IrRoMfNqDYwHc8=

moment@^2.14.1:
  version "2.24.0"
  resolved "https://registry.yarnpkg.com/moment/-/moment-2.24.0.tgz#0d055d53f5052aa653c9f6eb68bb5d12bf5c2b5b"
  integrity sha512-bV7f+6l2QigeBBZSM/6yTNq4P2fNpSWj/0e7jQcy87A8e7o2nAfP/34/2ky5Vw4B9S446EtIhodAzkFCcR4dQg==

optimist@~0.6.0:
  version "0.6.1"
  resolved "https://registry.yarnpkg.com/optimist/-/optimist-0.6.1.tgz#da3ea74686fa21a19a111c326e90eb15a0196686"
  integrity sha1-2j6nRob6IaGaERwybpDrFaAZZoY=
  dependencies:
    minimist "~0.0.1"
    wordwrap "~0.0.2"

schemagic@6.1.9:
  version "6.1.9"
  resolved "https://registry.yarnpkg.com/schemagic/-/schemagic-6.1.9.tgz#bc9dd8acfe7c2bcff1360a349b545bd1cc87ffe6"
  integrity sha512-rrlL3hUirYaNNEgut4JW2YJ9hPp+38QRLIiv4zz9eh7IPZTitWpPDCEgDGpQI2C6MJbW8uJmGH0aGeyCMFPG+w==
  dependencies:
    async "^2.0.1"
    clone "^1.0.2"
    deep-equal "^1.0.1"
    is-my-json-valid "2.17.2"
    is-property "^1.0.2"
    moment "^2.14.1"
    traverse "^0.6.6"
    valid-url "^1.0.9"
    word-wrap "^1.1.0"

traverse@^0.6.6:
  version "0.6.6"
  resolved "https://registry.yarnpkg.com/traverse/-/traverse-0.6.6.tgz#cbdf560fd7b9af632502fed40f918c157ea97137"
  integrity sha1-y99WD9e5r2MlAv7UD5GMFX6pcTc=

underscore@~1.5.2:
  version "1.5.2"
  resolved "https://registry.yarnpkg.com/underscore/-/underscore-1.5.2.tgz#1335c5e4f5e6d33bbb4b006ba8c86a00f556de08"
  integrity sha1-EzXF5PXm0zu7SwBrqMhqAPVW3gg=

valid-url@^1.0.9:
  version "1.0.9"
  resolved "https://registry.yarnpkg.com/valid-url/-/valid-url-1.0.9.tgz#1c14479b40f1397a75782f115e4086447433a200"
  integrity sha1-HBRHm0DxOXp1eC8RXkCGRHQzogA=

word-wrap@^1.1.0:
  version "1.2.3"
  resolved "https://registry.yarnpkg.com/word-wrap/-/word-wrap-1.2.3.tgz#610636f6b1f703891bd34771ccb17fb93b47079c"
  integrity sha512-Hz/mrNwitNRh/HUAtM/VT/5VH+ygD6DV7mYKZAtHOrbs8U7lvPS6xf7EJKMF0uW1KJCl0H701g3ZGus+muE5vQ==

wordwrap@~0.0.2:
  version "0.0.3"
  resolved "https://registry.yarnpkg.com/wordwrap/-/wordwrap-0.0.3.tgz#a3d5da6cd5c0bc0008d37234bbaf1bed63059107"
  integrity sha1-o9XabNXAvAAI03I0u68b7WMFkQc=

xtend@4.0.1:
  version "4.0.1"
  resolved "https://registry.yarnpkg.com/xtend/-/xtend-4.0.1.tgz#a5c6d532be656e23db820efb943a1f04998d63af"
  integrity sha1-pcbVMr5lbiPbgg77lDofBJmNY68=

xtend@^4.0.0:
  version "4.0.2"
  resolved "https://registry.yarnpkg.com/xtend/-/xtend-4.0.2.tgz#bb72779f5fa465186b1f438f674fa347fdb5db54"
  integrity sha512-LKYU1iAXJXUgAXn9URjiu+MWhyUXHsvfp7mcuYm9dSUKK0/CjtrUwFAxD82/mCWbtLsGjFIad0wIsod4zrTAEQ==
